# This file is automatically @generated by Cargo.
# It is not intended for manual editing.
version = 3

[[package]]
name = "stats_alloc"
version = "0.1.10"
source = "registry+https://github.com/rust-lang/crates.io-index"
checksum = "5c0e04424e733e69714ca1bbb9204c1a57f09f5493439520f9f68c132ad25eec"

[[package]]
name = "stats_alloc_helper"
version = "0.1.0"
dependencies = [
 "stats_alloc",
]
